
Microsoft Visual Studio Solution File, Format Version 12.00
# Visual Studio Version 16
VisualStudioVersion = 16.0.32407.337
MinimumVisualStudioVersion = 10.0.40219.1
Project("{FAE04EC0-301F-11D3-BF4B-00C04F79EFBC}") = "CodingTestMVC", "CodingTestMVC\CodingTestMVC.csproj", "{B4BE2661-07CC-48DF-A178-64D6AAD87968}"
EndProject
Global
	GlobalSection(SolutionConfigurationPlatforms) = preSolution
		Debug|Any CPU = Debug|Any CPU
		Release|Any CPU = Release|Any CPU
	EndGlobalSection
	GlobalSection(ProjectConfigurationPlatforms) = postSolution
		{B4BE2661-07CC-48DF-A178-64D6AAD87968}.Debug|Any CPU.ActiveCfg = Debug|Any CPU
		{B4BE2661-07CC-48DF-A178-64D6AAD87968}.Debug|Any CPU.Build.0 = Debug|Any CPU
		{B4BE2661-07CC-48DF-A178-64D6AAD87968}.Release|Any CPU.ActiveCfg = Release|Any CPU
		{B4BE2661-07CC-48DF-A178-64D6AAD87968}.Release|Any CPU.Build.0 = Release|Any CPU
	EndGlobalSection
	GlobalSection(SolutionProperties) = preSolution
		HideSolutionNode = FALSE
	EndGlobalSection
	GlobalSection(ExtensibilityGlobals) = postSolution
		SolutionGuid = {56F8939B-8767-49DF-A0B2-051F8087AF5B}
	EndGlobalSection
EndGlobal
